{
	"lockfileVersion": 1,
	"dependencies": {
		"lodash.isundefined": {
			"version": "3.0.1",
			"resolved": "https://registry.npmjs.org/lodash.isundefined/-/lodash.isundefined-3.0.1.tgz",
			"integrity": "sha1-I+89lTVWUgOmbO/VuDD4SJEa+0g="
		},
		"spectre.css": {
			"version": "0.5.0",
			"resolved": "https://registry.npmjs.org/spectre.css/-/spectre.css-0.5.0.tgz",
			"integrity": "sha1-aP4MXv2J60aNSaedipTmNPo52E4="
		}
	}
}
